// !$*UTF8*$!
{
	archiveVersion = 1;
	classes = {
	};
	objectVersion = 50;
	objects = {

/* Begin PBXBuildFile section */
		115A9AB32343D91700D0D011 /* SwiftUIView.swift in Sources */ = {isa = PBXBuildFile; fileRef = 115A9AB22343D91700D0D011 /* SwiftUIView.swift */; };
		11859239232FD1CF009EE670 /* AppDelegate.swift in Sources */ = {isa = PBXBuildFile; fileRef = 11859238232FD1CF009EE670 /* AppDelegate.swift */; };
		1185923B232FD1CF009EE670 /* SceneDelegate.swift in Sources */ = {isa = PBXBuildFile; fileRef = 1185923A232FD1CF009EE670 /* SceneDelegate.swift */; };
		1185923D232FD1CF009EE670 /* ContentView.swift in Sources */ = {isa = PBXBuildFile; fileRef = 1185923C232FD1CF009EE670 /* ContentView.swift */; };
		1185923F232FD1D1009EE670 /* Assets.xcassets in Resources */ = {isa = PBXBuildFile; fileRef = 1185923E232FD1D1009EE670 /* Assets.xcassets */; };
		11859242232FD1D1009EE670 /* Preview Assets.xcassets in Resources */ = {isa = PBXBuildFile; fileRef = 11859241232FD1D1009EE670 /* Preview Assets.xcassets */; };
		11859245232FD1D1009EE670 /* LaunchScreen.storyboard in Resources */ = {isa = PBXBuildFile; fileRef = 11859243232FD1D1009EE670 /* LaunchScreen.storyboard */; };
		1185924D232FD228009EE670 /* InvoiceItems.swift in Sources */ = {isa = PBXBuildFile; fileRef = 1185924C232FD228009EE670 /* InvoiceItems.swift */; };
		1185924F232FD257009EE670 /* InvoiceCell.swift in Sources */ = {isa = PBXBuildFile; fileRef = 1185924E232FD257009EE670 /* InvoiceCell.swift */; };
/* End PBXBuildFile section */

/* Begin PBXFileReference section */
		115A9AB22343D91700D0D011 /* SwiftUIView.swift */ = {isa = PBXFileReference; lastKnownFileType = sourcecode.swift; path = SwiftUIView.swift; sourceTree = "<group>"; };
		11859235232FD1CF009EE670 /* App2.app */ = {isa = PBXFileReference; explicitFileType = wrapper.application; includeInIndex = 0; path = App2.app; sourceTree = BUILT_PRODUCTS_DIR; };
		11859238232FD1CF009EE670 /* AppDelegate.swift */ = {isa = PBXFileReference; lastKnownFileType = sourcecode.swift; path = AppDelegate.swift; sourceTree = "<group>"; };
		1185923A232FD1CF009EE670 /* SceneDelegate.swift */ = {isa = PBXFileReference; lastKnownFileType = sourcecode.swift; path = SceneDelegate.swift; sourceTree = "<group>"; };
		1185923C232FD1CF009EE670 /* ContentView.swift */ = {isa = PBXFileReference; lastKnownFileType = sourcecode.swift; path = ContentView.swift; sourceTree = "<group>"; };
		1185923E232FD1D1009EE670 /* Assets.xcassets */ = {isa = PBXFileReference; lastKnownFileType = folder.assetcatalog; path = Assets.xcassets; sourceTree = "<group>"; };
		11859241232FD1D1009EE670 /* Preview Assets.xcassets */ = {isa = PBXFileReference; lastKnownFileType = folder.assetcatalog; path = "Preview Assets.xcassets"; sourceTree = "<group>"; };
		11859244232FD1D1009EE670 /* Base */ = {isa = PBXFileReference; lastKnownFileType = file.storyboard; name = Base; path = Base.lproj/LaunchScreen.storyboard; sourceTree = "<group>"; };
		11859246232FD1D1009EE670 /* Info.plist */ = {isa = PBXFileReference; lastKnownFileType = text.plist.xml; path = Info.plist; sourceTree = "<group>"; };
		1185924C232FD228009EE670 /* InvoiceItems.swift */ = {isa = PBXFileReference; lastKnownFileType = sourcecode.swift; path = InvoiceItems.swift; sourceTree = "<group>"; };
		1185924E232FD257009EE670 /* InvoiceCell.swift */ = {isa = PBXFileReference; lastKnownFileType = sourcecode.swift; path = InvoiceCell.swift; sourceTree = "<group>"; };
/* End PBXFileReference section */

/* Begin PBXFrameworksBuildPhase section */
		11859232232FD1CF009EE670 /* Frameworks */ = {
			isa = PBXFrameworksBuildPhase;
			buildActionMask = 2147483647;
			files = (
			);
			runOnlyForDeploymentPostprocessing = 0;
		};
/* End PBXFrameworksBuildPhase section */

/* Begin PBXGroup section */
		1185922C232FD1CF009EE670 = {
			isa = PBXGroup;
			children = (
				11859237232FD1CF009EE670 /* App2 */,
				11859236232FD1CF009EE670 /* Products */,
			);
			sourceTree = "<group>";
		};
		11859236232FD1CF009EE670 /* Products */ = {
			isa = PBXGroup;
			children = (
				11859235232FD1CF009EE670 /* App2.app */,
			);
			name = Products;
			sourceTree = "<group>";
		};
		11859237232FD1CF009EE670 /* App2 */ = {
			isa = PBXGroup;
			children = (
				11859238232FD1CF009EE670 /* AppDelegate.swift */,
				115A9AB22343D91700D0D011 /* SwiftUIView.swift */,
				1185924E232FD257009EE670 /* InvoiceCell.swift */,
				1185923A232FD1CF009EE670 /* SceneDelegate.swift */,
				1185923C232FD1CF009EE670 /* ContentView.swift */,
				1185923E232FD1D1009EE670 /* Assets.xcassets */,
				11859243232FD1D1009EE670 /* LaunchScreen.storyboard */,
				11859246232FD1D1009EE670 /* Info.plist */,
				1185924C232FD228009EE670 /* InvoiceItems.swift */,
				11859240232FD1D1009EE670 /* Preview Content */,
			);
			path = App2;
			sourceTree = "<group>";
		};
		11859240232FD1D1009EE670 /* Preview Content */ = {
			isa = PBXGroup;
			children = (
				11859241232FD1D1009EE670 /* Preview Assets.xcassets */,
			);
			path = "Preview Content";
			sourceTree = "<group>";
		};
/* End PBXGroup section */

/* Begin PBXNativeTarget section */
		11859234232FD1CF009EE670 /* App2 */ = {
			isa = PBXNativeTarget;
			buildConfigurationList = 11859249232FD1D1009EE670 /* Build configuration list for PBXNativeTarget "App2" */;
			buildPhases = (
				11859231232FD1CF009EE670 /* Sources */,
				11859232232FD1CF009EE670 /* Frameworks */,
				11859233232FD1CF009EE670 /* Resources */,
			);
			buildRules = (
			);
			dependencies = (
			);
			name = App2;
			productName = App2;
			productReference = 11859235232FD1CF009EE670 /* App2.app */;
			productType = "com.apple.product-type.application";
		};
/* End PBXNativeTarget section */

/* Begin PBXProject section */
		1185922D232FD1CF009EE670 /* Project object */ = {
			isa = PBXProject;
			attributes = {
				LastSwiftUpdateCheck = 1100;
				LastUpgradeCheck = 1100;
				ORGANIZATIONNAME = "Tea Jakić";
				TargetAttributes = {
					11859234232FD1CF009EE670 = {
						CreatedOnToolsVersion = 11.0;
					};
				};
			};
			buildConfigurationList = 11859230232FD1CF009EE670 /* Build configuration list for PBXProject "App2" */;
			compatibilityVersion = "Xcode 9.3";
			developmentRegion = en;
			hasScannedForEncodings = 0;
			knownRegions = (
				en,
				Base,
			);
			mainGroup = 1185922C232FD1CF009EE670;
			productRefGroup = 11859236232FD1CF009EE670 /* Products */;
			projectDirPath = "";
			projectRoot = "";
			targets = (
				11859234232FD1CF009EE670 /* App2 */,
			);
		};
/* End PBXProject section */

/* Begin PBXResourcesBuildPhase section */
		11859233232FD1CF009EE670 /* Resources */ = {
			isa = PBXResourcesBuildPhase;
			buildActionMask = 2147483647;
			files = (
				11859245232FD1D1009EE670 /* LaunchScreen.storyboard in Resources */,
				11859242232FD1D1009EE670 /* Preview Assets.xcassets in Resources */,
				1185923F232FD1D1009EE670 /* Assets.xcassets in Resources */,
			);
			runOnlyForDeploymentPostprocessing = 0;
		};
/* End PBXResourcesBuildPhase section */

/* Begin PBXSourcesBuildPhase section */
		11859231232FD1CF009EE670 /* Sources */ = {
			isa = PBXSourcesBuildPhase;
			buildActionMask = 2147483647;
			files = (
				1185924D232FD228009EE670 /* InvoiceItems.swift in Sources */,
				1185924F232FD257009EE670 /* InvoiceCell.swift in Sources */,
				115A9AB32343D91700D0D011 /* SwiftUIView.swift in Sources */,
				11859239232FD1CF009EE670 /* AppDelegate.swift in Sources */,
				1185923B232FD1CF009EE670 /* SceneDelegate.swift in Sources */,
				1185923D232FD1CF009EE670 /* ContentView.swift in Sources */,
			);
			runOnlyForDeploymentPostprocessing = 0;
		};
/* End PBXSourcesBuildPhase section */

/* Begin PBXVariantGroup section */
		11859243232FD1D1009EE670 /* LaunchScreen.storyboard */ = {
			isa = PBXVariantGroup;
			children = (
				11859244232FD1D1009EE670 /* Base */,
			);
			name = LaunchScreen.storyboard;
			sourceTree = "<group>";
		};
/* End PBXVariantGroup section */

/* Begin XCBuildConfiguration section */
		11859247232FD1D1009EE670 /* Debug */ = {
			isa = XCBuildConfiguration;
			buildSettings = {
				ALWAYS_SEARCH_USER_PATHS = NO;
				CLANG_ANALYZER_NONNULL = YES;
				CLANG_ANALYZER_NUMBER_OBJECT_CONVERSION = YES_AGGRESSIVE;
				CLANG_CXX_LANGUAGE_STANDARD = "gnu++14";
				CLANG_CXX_LIBRARY = "libc++";
				CLANG_ENABLE_MODULES = YES;
				CLANG_ENABLE_OBJC_ARC = YES;
				CLANG_ENABLE_OBJC_WEAK = YES;
				CLANG_WARN_BLOCK_CAPTURE_AUTORELEASING = YES;
				CLANG_WARN_BOOL_CONVERSION = YES;
				CLANG_WARN_COMMA = YES;
				CLANG_WARN_CONSTANT_CONVERSION = YES;
				CLANG_WARN_DEPRECATED_OBJC_IMPLEMENTATIONS = YES;
				CLANG_WARN_DIRECT_OBJC_ISA_USAGE = YES_ERROR;
				CLANG_WARN_DOCUMENTATION_COMMENTS = YES;
				CLANG_WARN_EMPTY_BODY = YES;
				CLANG_WARN_ENUM_CONVERSION = YES;
				CLANG_WARN_INFINITE_RECURSION = YES;
				CLANG_WARN_INT_CONVERSION = YES;
				CLANG_WARN_NON_LITERAL_NULL_CONVERSION = YES;
				CLANG_WARN_OBJC_IMPLICIT_RETAIN_SELF = YES;
				CLANG_WARN_OBJC_LITERAL_CONVERSION = YES;
				CLANG_WARN_OBJC_ROOT_CLASS = YES_ERROR;
				CLANG_WARN_RANGE_LOOP_ANALYSIS = YES;
				CLANG_WARN_STRICT_PROTOTYPES = YES;
				CLANG_WARN_SUSPICIOUS_MOVE = YES;
				CLANG_WARN_UNGUARDED_AVAILABILITY = YES_AGGRESSIVE;
				CLANG_WARN_UNREACHABLE_CODE = YES;
				CLANG_WARN__DUPLICATE_METHOD_MATCH = YES;
				COPY_PHASE_STRIP = NO;
				DEBUG_INFORMATION_FORMAT = dwarf;
				ENABLE_STRICT_OBJC_MSGSEND = YES;
				ENABLE_TESTABILITY = YES;
				GCC_C_LANGUAGE_STANDARD = gnu11;
				GCC_DYNAMIC_NO_PIC = NO;
				GCC_NO_COMMON_BLOCKS = YES;
				GCC_OPTIMIZATION_LEVEL = 0;
				GCC_PREPROCESSOR_DEFINITIONS = (
					"DEBUG=1",
					"$(inherited)",
				);
				GCC_WARN_64_TO_32_BIT_CONVERSION = YES;
				GCC_WARN_ABOUT_RETURN_TYPE = YES_ERROR;
				GCC_WARN_UNDECLARED_SELECTOR = YES;
				GCC_WARN_UNINITIALIZED_AUTOS = YES_AGGRESSIVE;
				GCC_WARN_UNUSED_FUNCTION = YES;
				GCC_WARN_UNUSED_VARIABLE = YES;
				IPHONEOS_DEPLOYMENT_TARGET = 13.0;
				MTL_ENABLE_DEBUG_INFO = INCLUDE_SOURCE;
				MTL_FAST_MATH = YES;
				ONLY_ACTIVE_ARCH = YES;
				SDKROOT = iphoneos;
				SWIFT_ACTIVE_COMPILATION_CONDITIONS = DEBUG;
				SWIFT_OPTIMIZATION_LEVEL = "-Onone";
			};
			name = Debug;
		};
		11859248232FD1D1009EE670 /* Release */ = {
			isa = XCBuildConfiguration;
			buildSettings = {
				ALWAYS_SEARCH_USER_PATHS = NO;
				CLANG_ANALYZER_NONNULL = YES;
				CLANG_ANALYZER_NUMBER_OBJECT_CONVERSION = YES_AGGRESSIVE;
				CLANG_CXX_LANGUAGE_STANDARD = "gnu++14";
				CLANG_CXX_LIBRARY = "libc++";
				CLANG_ENABLE_MODULES = YES;
				CLANG_ENABLE_OBJC_ARC = YES;
				CLANG_ENABLE_OBJC_WEAK = YES;
				CLANG_WARN_BLOCK_CAPTURE_AUTORELEASING = YES;
				CLANG_WARN_BOOL_CONVERSION = YES;
				CLANG_WARN_COMMA = YES;
				CLANG_WARN_CONSTANT_CONVERSION = YES;
				CLANG_WARN_DEPRECATED_OBJC_IMPLEMENTATIONS = YES;
				CLANG_WARN_DIRECT_OBJC_ISA_USAGE = YES_ERROR;
				CLANG_WARN_DOCUMENTATION_COMMENTS = YES;
				CLANG_WARN_EMPTY_BODY = YES;
				CLANG_WARN_ENUM_CONVERSION = YES;
				CLANG_WARN_INFINITE_RECURSION = YES;
				CLANG_WARN_INT_CONVERSION = YES;
				CLANG_WARN_NON_LITERAL_NULL_CONVERSION = YES;
				CLANG_WARN_OBJC_IMPLICIT_RETAIN_SELF = YES;
				CLANG_WARN_OBJC_LITERAL_CONVERSION = YES;
				CLANG_WARN_OBJC_ROOT_CLASS = YES_ERROR;
				CLANG_WARN_RANGE_LOOP_ANALYSIS = YES;
				CLANG_WARN_STRICT_PROTOTYPES = YES;
				CLANG_WARN_SUSPICIOUS_MOVE = YES;
				CLANG_WARN_UNGUARDED_AVAILABILITY = YES_AGGRESSIVE;
				CLANG_WARN_UNREACHABLE_CODE = YES;
				CLANG_WARN__DUPLICATE_METHOD_MATCH = YES;
				COPY_PHASE_STRIP = NO;
				DEBUG_INFORMATION_FORMAT = "dwarf-with-dsym";
				ENABLE_NS_ASSERTIONS = NO;
				ENABLE_STRICT_OBJC_MSGSEND = YES;
				GCC_C_LANGUAGE_STANDARD = gnu11;
				GCC_NO_COMMON_BLOCKS = YES;
				GCC_WARN_64_TO_32_BIT_CONVERSION = YES;
				GCC_WARN_ABOUT_RETURN_TYPE = YES_ERROR;
				GCC_WARN_UNDECLARED_SELECTOR = YES;
				GCC_WARN_UNINITIALIZED_AUTOS = YES_AGGRESSIVE;
				GCC_WARN_UNUSED_FUNCTION = YES;
				GCC_WARN_UNUSED_VARIABLE = YES;
				IPHONEOS_DEPLOYMENT_TARGET = 13.0;
				MTL_ENABLE_DEBUG_INFO = NO;
				MTL_FAST_MATH = YES;
				SDKROOT = iphoneos;
				SWIFT_COMPILATION_MODE = wholemodule;
				SWIFT_OPTIMIZATION_LEVEL = "-O";
				VALIDATE_PRODUCT = YES;
			};
			name = Release;
		};
		1185924A232FD1D1009EE670 /* Debug */ = {
			isa = XCBuildConfiguration;
			buildSettings = {
				ASSETCATALOG_COMPILER_APPICON_NAME = AppIcon;
				CODE_SIGN_STYLE = Automatic;
				DEVELOPMENT_ASSET_PATHS = "\"App2/Preview Content\"";
				DEVELOPMENT_TEAM = MBZKSJ9957;
				ENABLE_PREVIEWS = YES;
				INFOPLIST_FILE = App2/Info.plist;
				LD_RUNPATH_SEARCH_PATHS = (
					"$(inherited)",
					"@executable_path/Frameworks",
				);
				PRODUCT_BUNDLE_IDENTIFIER = com.teajakic.App2;
				PRODUCT_NAME = "$(TARGET_NAME)";
				SWIFT_VERSION = 5.0;
				TARGETED_DEVICE_FAMILY = "1,2";
			};
			name = Debug;
		};
		1185924B232FD1D1009EE670 /* Release */ = {
			isa = XCBuildConfiguration;
			buildSettings = {
				ASSETCATALOG_COMPILER_APPICON_NAME = AppIcon;
				CODE_SIGN_STYLE = Automatic;
				DEVELOPMENT_ASSET_PATHS = "\"App2/Preview Content\"";
				DEVELOPMENT_TEAM = MBZKSJ9957;
				ENABLE_PREVIEWS = YES;
				INFOPLIST_FILE = App2/Info.plist;
				LD_RUNPATH_SEARCH_PATHS = (
					"$(inherited)",
					"@executable_path/Frameworks",
				);
				PRODUCT_BUNDLE_IDENTIFIER = com.teajakic.App2;
				PRODUCT_NAME = "$(TARGET_NAME)";
				SWIFT_VERSION = 5.0;
				TARGETED_DEVICE_FAMILY = "1,2";
			};
			name = Release;
		};
/* End XCBuildConfiguration section */

/* Begin XCConfigurationList section */
		11859230232FD1CF009EE670 /* Build configuration list for PBXProject "App2" */ = {
			isa = XCConfigurationList;
			buildConfigurations = (
				11859247232FD1D1009EE670 /* Debug */,
				11859248232FD1D1009EE670 /* Release */,
			);
			defaultConfigurationIsVisible = 0;
			defaultConfigurationName = Release;
		};
		11859249232FD1D1009EE670 /* Build configuration list for PBXNativeTarget "App2" */ = {
			isa = XCConfigurationList;
			buildConfigurations = (
				1185924A232FD1D1009EE670 /* Debug */,
				1185924B232FD1D1009EE670 /* Release */,
			);
			defaultConfigurationIsVisible = 0;
			defaultConfigurationName = Release;
		};
/* End XCConfigurationList section */
	};
	rootObject = 1185922D232FD1CF009EE670 /* Project object */;
}
